
Microsoft Visual Studio Solution File, Format Version 12.00
# Visual Studio Version 16
VisualStudioVersion = 16.0.30104.148
MinimumVisualStudioVersion = 10.0.40219.1
Project("{8BC9CEB8-8B4A-11D0-8D11-00A0C91BC942}") = "MyWindowApplication", "MyWindowApplication.vcxproj", "{BEDC0F23-0F40-4562-9307-48E35E089FAC}"
EndProject
Global
	GlobalSection(SolutionConfigurationPlatforms) = preSolution
		Debug|x64 = Debug|x64
		Debug|x86 = Debug|x86
		Release|x64 = Release|x64
		Release|x86 = Release|x86
	EndGlobalSection
	GlobalSection(ProjectConfigurationPlatforms) = postSolution
		{BEDC0F23-0F40-4562-9307-48E35E089FAC}.Debug|x64.ActiveCfg = Debug|x64
		{BEDC0F23-0F40-4562-9307-48E35E089FAC}.Debug|x64.Build.0 = Debug|x64
		{BEDC0F23-0F40-4562-9307-48E35E089FAC}.Debug|x86.ActiveCfg = Debug|Win32
		{BEDC0F23-0F40-4562-9307-48E35E089FAC}.Debug|x86.Build.0 = Debug|Win32
		{BEDC0F23-0F40-4562-9307-48E35E089FAC}.Release|x64.ActiveCfg = Release|x64
		{BEDC0F23-0F40-4562-9307-48E35E089FAC}.Release|x64.Build.0 = Release|x64
		{BEDC0F23-0F40-4562-9307-48E35E089FAC}.Release|x86.ActiveCfg = Release|Win32
		{BEDC0F23-0F40-4562-9307-48E35E089FAC}.Release|x86.Build.0 = Release|Win32
	EndGlobalSection
	GlobalSection(SolutionProperties) = preSolution
		HideSolutionNode = FALSE
	EndGlobalSection
	GlobalSection(ExtensibilityGlobals) = postSolution
		SolutionGuid = {3553591D-11EB-42F2-A143-283CA4979A63}
	EndGlobalSection
EndGlobal
