
Microsoft Visual Studio Solution File, Format Version 12.00
# Visual Studio Version 16
VisualStudioVersion = 16.0.30104.148
MinimumVisualStudioVersion = 10.0.40219.1
Project("{8BC9CEB8-8B4A-11D0-8D11-00A0C91BC942}") = "Fullscreen", "Fullscreen.vcxproj", "{8CA04466-3E89-4DE1-A1D6-C2A4F91B5170}"
EndProject
Global
	GlobalSection(SolutionConfigurationPlatforms) = preSolution
		Debug|x64 = Debug|x64
		Debug|x86 = Debug|x86
		Release|x64 = Release|x64
		Release|x86 = Release|x86
	EndGlobalSection
	GlobalSection(ProjectConfigurationPlatforms) = postSolution
		{8CA04466-3E89-4DE1-A1D6-C2A4F91B5170}.Debug|x64.ActiveCfg = Debug|x64
		{8CA04466-3E89-4DE1-A1D6-C2A4F91B5170}.Debug|x64.Build.0 = Debug|x64
		{8CA04466-3E89-4DE1-A1D6-C2A4F91B5170}.Debug|x86.ActiveCfg = Debug|Win32
		{8CA04466-3E89-4DE1-A1D6-C2A4F91B5170}.Debug|x86.Build.0 = Debug|Win32
		{8CA04466-3E89-4DE1-A1D6-C2A4F91B5170}.Release|x64.ActiveCfg = Release|x64
		{8CA04466-3E89-4DE1-A1D6-C2A4F91B5170}.Release|x64.Build.0 = Release|x64
		{8CA04466-3E89-4DE1-A1D6-C2A4F91B5170}.Release|x86.ActiveCfg = Release|Win32
		{8CA04466-3E89-4DE1-A1D6-C2A4F91B5170}.Release|x86.Build.0 = Release|Win32
	EndGlobalSection
	GlobalSection(SolutionProperties) = preSolution
		HideSolutionNode = FALSE
	EndGlobalSection
	GlobalSection(ExtensibilityGlobals) = postSolution
		SolutionGuid = {058FE367-E440-4BAA-9FE8-BF6DF277DAB7}
	EndGlobalSection
EndGlobal
